
Microsoft Visual Studio Solution File, Format Version 12.00
Project("{FAE04EC0-301F-11D3-BF4B-00C04F79EFBC}") = "SpotServer", "SpotServer\SpotServer.csproj", "{D704F0A7-77C7-481E-9F8B-5B4B9488A2A9}"
EndProject
Project("{FAE04EC0-301F-11D3-BF4B-00C04F79EFBC}") = "Spot", "Spot\Spot.csproj", "{7C4934F9-DFF5-4161-9262-1032DC99AD64}"
EndProject
Global
	GlobalSection(SolutionConfigurationPlatforms) = preSolution
		Debug|Any CPU = Debug|Any CPU
		Release|Any CPU = Release|Any CPU
	EndGlobalSection
	GlobalSection(ProjectConfigurationPlatforms) = postSolution
		{D704F0A7-77C7-481E-9F8B-5B4B9488A2A9}.Debug|Any CPU.ActiveCfg = Debug|Any CPU
		{D704F0A7-77C7-481E-9F8B-5B4B9488A2A9}.Debug|Any CPU.Build.0 = Debug|Any CPU
		{D704F0A7-77C7-481E-9F8B-5B4B9488A2A9}.Release|Any CPU.ActiveCfg = Release|Any CPU
		{D704F0A7-77C7-481E-9F8B-5B4B9488A2A9}.Release|Any CPU.Build.0 = Release|Any CPU
		{7C4934F9-DFF5-4161-9262-1032DC99AD64}.Debug|Any CPU.ActiveCfg = Debug|Any CPU
		{7C4934F9-DFF5-4161-9262-1032DC99AD64}.Debug|Any CPU.Build.0 = Debug|Any CPU
		{7C4934F9-DFF5-4161-9262-1032DC99AD64}.Release|Any CPU.ActiveCfg = Release|Any CPU
		{7C4934F9-DFF5-4161-9262-1032DC99AD64}.Release|Any CPU.Build.0 = Release|Any CPU
	EndGlobalSection
EndGlobal
